// !$*UTF8*$!
{
	archiveVersion = 1;
	classes = {
	};
	objectVersion = 46;
	objects = {

/* Begin PBXBuildFile section */
		0C1867E21E03C374001791DF /* MeTableviewCell.m in Sources */ = {isa = PBXBuildFile; fileRef = 0C1867E11E03C374001791DF /* MeTableviewCell.m */; };
		0C1867E51E03C513001791DF /* GSGlobalConst.m in Sources */ = {isa = PBXBuildFile; fileRef = 0C1867E41E03C513001791DF /* GSGlobalConst.m */; };
		0C1D6EBF1DF541C900783266 /* RootViewController.m in Sources */ = {isa = PBXBuildFile; fileRef = 0C1D6EBE1DF541C900783266 /* RootViewController.m */; };
		0C1D6EC21DF5438300783266 /* GSNavigationController.m in Sources */ = {isa = PBXBuildFile; fileRef = 0C1D6EC11DF5438300783266 /* GSNavigationController.m */; };
		0C1D6EC51DF5443B00783266 /* GSFollowViewController.m in Sources */ = {isa = PBXBuildFile; fileRef = 0C1D6EC41DF5443B00783266 /* GSFollowViewController.m */; };
		0C1D6EC81DF5449900783266 /* GSEssenceViewController.m in Sources */ = {isa = PBXBuildFile; fileRef = 0C1D6EC71DF5449900783266 /* GSEssenceViewController.m */; };
		0C1D6ECB1DF544C500783266 /* GSNewViewController.m in Sources */ = {isa = PBXBuildFile; fileRef = 0C1D6ECA1DF544C500783266 /* GSNewViewController.m */; };
		0C1D6ECE1DF544E600783266 /* GSMeViewController.m in Sources */ = {isa = PBXBuildFile; fileRef = 0C1D6ECD1DF544E600783266 /* GSMeViewController.m */; };
		0C1D6ED11DF5452500783266 /* GSTabBar.m in Sources */ = {isa = PBXBuildFile; fileRef = 0C1D6ED01DF5452500783266 /* GSTabBar.m */; };
		0C1D6ED51DF5472800783266 /* UIView+ExTension.m in Sources */ = {isa = PBXBuildFile; fileRef = 0C1D6ED41DF5472800783266 /* UIView+ExTension.m */; };
		0C2B40E51E07D79600C01106 /* GSTopic.m in Sources */ = {isa = PBXBuildFile; fileRef = 0C2B40E41E07D79600C01106 /* GSTopic.m */; };
		0C2B40E81E07DF3300C01106 /* GSRefreshNormalHeader.m in Sources */ = {isa = PBXBuildFile; fileRef = 0C2B40E71E07DF3300C01106 /* GSRefreshNormalHeader.m */; };
		0C42434C1E0A25E500F96139 /* GSRefreshAutoFooter.m in Sources */ = {isa = PBXBuildFile; fileRef = 0C42434B1E0A25E500F96139 /* GSRefreshAutoFooter.m */; };
		0C4243501E0A533100F96139 /* GSTopicCell.m in Sources */ = {isa = PBXBuildFile; fileRef = 0C42434E1E0A533100F96139 /* GSTopicCell.m */; };
		0C4243511E0A533100F96139 /* GSTopicCell.xib in Resources */ = {isa = PBXBuildFile; fileRef = 0C42434F1E0A533100F96139 /* GSTopicCell.xib */; };
		0C4243541E0A583300F96139 /* GSAFHTTPSessionManager.m in Sources */ = {isa = PBXBuildFile; fileRef = 0C4243531E0A583300F96139 /* GSAFHTTPSessionManager.m */; };
		0C42435A1E0A609500F96139 /* UIImage+Circle.m in Sources */ = {isa = PBXBuildFile; fileRef = 0C4243591E0A609500F96139 /* UIImage+Circle.m */; };
		0C42435D1E0A628800F96139 /* UIImageView+GSExtension.m in Sources */ = {isa = PBXBuildFile; fileRef = 0C42435C1E0A628800F96139 /* UIImageView+GSExtension.m */; };
		0C59686E1DF64F4900C37AC0 /* UIBarButtonItem+ExTension.m in Sources */ = {isa = PBXBuildFile; fileRef = 0C59686D1DF64F4900C37AC0 /* UIBarButtonItem+ExTension.m */; };
		0C5968741DF65DCB00C37AC0 /* CustomButton.m in Sources */ = {isa = PBXBuildFile; fileRef = 0C5968731DF65DCB00C37AC0 /* CustomButton.m */; };
		0C5968771DF66AA500C37AC0 /* GSTopicViewController.m in Sources */ = {isa = PBXBuildFile; fileRef = 0C5968761DF66AA500C37AC0 /* GSTopicViewController.m */; };
		0C59687A1DF66ACE00C37AC0 /* GSAllViewController.m in Sources */ = {isa = PBXBuildFile; fileRef = 0C5968791DF66ACE00C37AC0 /* GSAllViewController.m */; };
		0C59687D1DF66AE100C37AC0 /* GSVideoViewController.m in Sources */ = {isa = PBXBuildFile; fileRef = 0C59687C1DF66AE100C37AC0 /* GSVideoViewController.m */; };
		0C5968801DF66AF000C37AC0 /* GSVoiceViewController.m in Sources */ = {isa = PBXBuildFile; fileRef = 0C59687F1DF66AF000C37AC0 /* GSVoiceViewController.m */; };
		0C5968831DF66AFF00C37AC0 /* GSPictureViewController.m in Sources */ = {isa = PBXBuildFile; fileRef = 0C5968821DF66AFF00C37AC0 /* GSPictureViewController.m */; };
		0C5968861DF66B0E00C37AC0 /* GSWordViewController.m in Sources */ = {isa = PBXBuildFile; fileRef = 0C5968851DF66B0E00C37AC0 /* GSWordViewController.m */; };
		0C5968881DF69ECC00C37AC0 /* LoginViewController.storyboard in Resources */ = {isa = PBXBuildFile; fileRef = 0C5968871DF69ECC00C37AC0 /* LoginViewController.storyboard */; };
		0C59688B1DF69F2500C37AC0 /* LoginViewController.m in Sources */ = {isa = PBXBuildFile; fileRef = 0C59688A1DF69F2500C37AC0 /* LoginViewController.m */; };
		0C892DC11E03CFD300758282 /* GSMeSquare.m in Sources */ = {isa = PBXBuildFile; fileRef = 0C892DC01E03CFD300758282 /* GSMeSquare.m */; };
		0C892DC41E03CFFD00758282 /* GSFootView.m in Sources */ = {isa = PBXBuildFile; fileRef = 0C892DC31E03CFFD00758282 /* GSFootView.m */; };
		0C892DC71E03D01A00758282 /* GSSquareButton.m in Sources */ = {isa = PBXBuildFile; fileRef = 0C892DC61E03D01A00758282 /* GSSquareButton.m */; };
		0C892DCB1E03ECC600758282 /* GSSettingViewController.m in Sources */ = {isa = PBXBuildFile; fileRef = 0C892DCA1E03ECC600758282 /* GSSettingViewController.m */; };
		0C892DCE1E03EE0D00758282 /* GSClearCell.m in Sources */ = {isa = PBXBuildFile; fileRef = 0C892DCD1E03EE0D00758282 /* GSClearCell.m */; };
		0CBAE85D1DF509C4006D3F01 /* main.m in Sources */ = {isa = PBXBuildFile; fileRef = 0CBAE85C1DF509C4006D3F01 /* main.m */; };
		0CBAE8601DF509C4006D3F01 /* AppDelegate.m in Sources */ = {isa = PBXBuildFile; fileRef = 0CBAE85F1DF509C4006D3F01 /* AppDelegate.m */; };
		0CBAE8681DF509C4006D3F01 /* Assets.xcassets in Resources */ = {isa = PBXBuildFile; fileRef = 0CBAE8671DF509C4006D3F01 /* Assets.xcassets */; };
		0CBAE8761DF509C4006D3F01 /* BaiSiBuDeJieTests.m in Sources */ = {isa = PBXBuildFile; fileRef = 0CBAE8751DF509C4006D3F01 /* BaiSiBuDeJieTests.m */; };
		0CBAE8811DF509C4006D3F01 /* BaiSiBuDeJieUITests.m in Sources */ = {isa = PBXBuildFile; fileRef = 0CBAE8801DF509C4006D3F01 /* BaiSiBuDeJieUITests.m */; };
		2979DEA402EB65D7D7D49AB6 /* Pods_BaiSiBuDeJie.framework in Frameworks */ = {isa = PBXBuildFile; fileRef = FC11BCFF128CAA283ACFDE8B /* Pods_BaiSiBuDeJie.framework */; };
/* End PBXBuildFile section */

/* Begin PBXContainerItemProxy section */
		0CBAE8721DF509C4006D3F01 /* PBXContainerItemProxy */ = {
			isa = PBXContainerItemProxy;
			containerPortal = 0CBAE8501DF509C4006D3F01 /* Project object */;
			proxyType = 1;
			remoteGlobalIDString = 0CBAE8571DF509C4006D3F01;
			remoteInfo = BaiSiBuDeJie;
		};
		0CBAE87D1DF509C4006D3F01 /* PBXContainerItemProxy */ = {
			isa = PBXContainerItemProxy;
			containerPortal = 0CBAE8501DF509C4006D3F01 /* Project object */;
			proxyType = 1;
			remoteGlobalIDString = 0CBAE8571DF509C4006D3F01;
			remoteInfo = BaiSiBuDeJie;
		};
/* End PBXContainerItemProxy section */

/* Begin PBXFileReference section */
		00087601BF2BDB87239D1A56 /* Pods-BaiSiBuDeJie.release.xcconfig */ = {isa = PBXFileReference; includeInIndex = 1; lastKnownFileType = text.xcconfig; name = "Pods-BaiSiBuDeJie.release.xcconfig"; path = "Pods/Target Support Files/Pods-BaiSiBuDeJie/Pods-BaiSiBuDeJie.release.xcconfig"; sourceTree = "<group>"; };
		0C1867E01E03C374001791DF /* MeTableviewCell.h */ = {isa = PBXFileReference; fileEncoding = 4; lastKnownFileType = sourcecode.c.h; path = MeTableviewCell.h; sourceTree = "<group>"; };
		0C1867E11E03C374001791DF /* MeTableviewCell.m */ = {isa = PBXFileReference; fileEncoding = 4; lastKnownFileType = sourcecode.c.objc; path = MeTableviewCell.m; sourceTree = "<group>"; };
		0C1867E31E03C513001791DF /* GSGlobalConst.h */ = {isa = PBXFileReference; fileEncoding = 4; lastKnownFileType = sourcecode.c.h; path = GSGlobalConst.h; sourceTree = "<group>"; };
		0C1867E41E03C513001791DF /* GSGlobalConst.m */ = {isa = PBXFileReference; fileEncoding = 4; lastKnownFileType = sourcecode.c.objc; path = GSGlobalConst.m; sourceTree = "<group>"; };
		0C1D6EBD1DF541C900783266 /* RootViewController.h */ = {isa = PBXFileReference; fileEncoding = 4; lastKnownFileType = sourcecode.c.h; path = RootViewController.h; sourceTree = "<group>"; };
		0C1D6EBE1DF541C900783266 /* RootViewController.m */ = {isa = PBXFileReference; fileEncoding = 4; lastKnownFileType = sourcecode.c.objc; path = RootViewController.m; sourceTree = "<group>"; };
		0C1D6EC01DF5438300783266 /* GSNavigationController.h */ = {isa = PBXFileReference; fileEncoding = 4; lastKnownFileType = sourcecode.c.h; path = GSNavigationController.h; sourceTree = "<group>"; };
		0C1D6EC11DF5438300783266 /* GSNavigationController.m */ = {isa = PBXFileReference; fileEncoding = 4; lastKnownFileType = sourcecode.c.objc; path = GSNavigationController.m; sourceTree = "<group>"; };
		0C1D6EC31DF5443B00783266 /* GSFollowViewController.h */ = {isa = PBXFileReference; fileEncoding = 4; lastKnownFileType = sourcecode.c.h; name = GSFollowViewController.h; path = "../../Essence-精华/Controller/GSFollowViewController.h"; sourceTree = "<group>"; };
		0C1D6EC41DF5443B00783266 /* GSFollowViewController.m */ = {isa = PBXFileReference; fileEncoding = 4; lastKnownFileType = sourcecode.c.objc; name = GSFollowViewController.m; path = "../../Essence-精华/Controller/GSFollowViewController.m"; sourceTree = "<group>"; };
		0C1D6EC61DF5449900783266 /* GSEssenceViewController.h */ = {isa = PBXFileReference; fileEncoding = 4; lastKnownFileType = sourcecode.c.h; path = GSEssenceViewController.h; sourceTree = "<group>"; };
		0C1D6EC71DF5449900783266 /* GSEssenceViewController.m */ = {isa = PBXFileReference; fileEncoding = 4; lastKnownFileType = sourcecode.c.objc; path = GSEssenceViewController.m; sourceTree = "<group>"; };
		0C1D6EC91DF544C500783266 /* GSNewViewController.h */ = {isa = PBXFileReference; fileEncoding = 4; lastKnownFileType = sourcecode.c.h; path = GSNewViewController.h; sourceTree = "<group>"; };
		0C1D6ECA1DF544C500783266 /* GSNewViewController.m */ = {isa = PBXFileReference; fileEncoding = 4; lastKnownFileType = sourcecode.c.objc; path = GSNewViewController.m; sourceTree = "<group>"; };
		0C1D6ECC1DF544E600783266 /* GSMeViewController.h */ = {isa = PBXFileReference; fileEncoding = 4; lastKnownFileType = sourcecode.c.h; path = GSMeViewController.h; sourceTree = "<group>"; };
		0C1D6ECD1DF544E600783266 /* GSMeViewController.m */ = {isa = PBXFileReference; fileEncoding = 4; lastKnownFileType = sourcecode.c.objc; path = GSMeViewController.m; sourceTree = "<group>"; };
		0C1D6ECF1DF5452500783266 /* GSTabBar.h */ = {isa = PBXFileReference; fileEncoding = 4; lastKnownFileType = sourcecode.c.h; path = GSTabBar.h; sourceTree = "<group>"; };
		0C1D6ED01DF5452500783266 /* GSTabBar.m */ = {isa = PBXFileReference; fileEncoding = 4; lastKnownFileType = sourcecode.c.objc; path = GSTabBar.m; sourceTree = "<group>"; };
		0C1D6ED21DF5463300783266 /* PrefixHeader.pch */ = {isa = PBXFileReference; lastKnownFileType = sourcecode.c.h; path = PrefixHeader.pch; sourceTree = "<group>"; };
		0C1D6ED31DF5472800783266 /* UIView+ExTension.h */ = {isa = PBXFileReference; fileEncoding = 4; lastKnownFileType = sourcecode.c.h; path = "UIView+ExTension.h"; sourceTree = "<group>"; };
		0C1D6ED41DF5472800783266 /* UIView+ExTension.m */ = {isa = PBXFileReference; fileEncoding = 4; lastKnownFileType = sourcecode.c.objc; path = "UIView+ExTension.m"; sourceTree = "<group>"; };
		0C2B40E31E07D79600C01106 /* GSTopic.h */ = {isa = PBXFileReference; fileEncoding = 4; lastKnownFileType = sourcecode.c.h; path = GSTopic.h; sourceTree = "<group>"; };
		0C2B40E41E07D79600C01106 /* GSTopic.m */ = {isa = PBXFileReference; fileEncoding = 4; lastKnownFileType = sourcecode.c.objc; path = GSTopic.m; sourceTree = "<group>"; };
		0C2B40E61E07DF3300C01106 /* GSRefreshNormalHeader.h */ = {isa = PBXFileReference; fileEncoding = 4; lastKnownFileType = sourcecode.c.h; path = GSRefreshNormalHeader.h; sourceTree = "<group>"; };
		0C2B40E71E07DF3300C01106 /* GSRefreshNormalHeader.m */ = {isa = PBXFileReference; fileEncoding = 4; lastKnownFileType = sourcecode.c.objc; path = GSRefreshNormalHeader.m; sourceTree = "<group>"; };
		0C42434A1E0A25E500F96139 /* GSRefreshAutoFooter.h */ = {isa = PBXFileReference; fileEncoding = 4; lastKnownFileType = sourcecode.c.h; path = GSRefreshAutoFooter.h; sourceTree = "<group>"; };
		0C42434B1E0A25E500F96139 /* GSRefreshAutoFooter.m */ = {isa = PBXFileReference; fileEncoding = 4; lastKnownFileType = sourcecode.c.objc; path = GSRefreshAutoFooter.m; sourceTree = "<group>"; };
		0C42434D1E0A533100F96139 /* GSTopicCell.h */ = {isa = PBXFileReference; fileEncoding = 4; lastKnownFileType = sourcecode.c.h; path = GSTopicCell.h; sourceTree = "<group>"; };
		0C42434E1E0A533100F96139 /* GSTopicCell.m */ = {isa = PBXFileReference; fileEncoding = 4; lastKnownFileType = sourcecode.c.objc; path = GSTopicCell.m; sourceTree = "<group>"; };
		0C42434F1E0A533100F96139 /* GSTopicCell.xib */ = {isa = PBXFileReference; fileEncoding = 4; lastKnownFileType = file.xib; path = GSTopicCell.xib; sourceTree = "<group>"; };
		0C4243521E0A583300F96139 /* GSAFHTTPSessionManager.h */ = {isa = PBXFileReference; fileEncoding = 4; lastKnownFileType = sourcecode.c.h; path = GSAFHTTPSessionManager.h; sourceTree = "<group>"; };
		0C4243531E0A583300F96139 /* GSAFHTTPSessionManager.m */ = {isa = PBXFileReference; fileEncoding = 4; lastKnownFileType = sourcecode.c.objc; path = GSAFHTTPSessionManager.m; sourceTree = "<group>"; };
		0C4243581E0A609500F96139 /* UIImage+Circle.h */ = {isa = PBXFileReference; fileEncoding = 4; lastKnownFileType = sourcecode.c.h; path = "UIImage+Circle.h"; sourceTree = "<group>"; };
		0C4243591E0A609500F96139 /* UIImage+Circle.m */ = {isa = PBXFileReference; fileEncoding = 4; lastKnownFileType = sourcecode.c.objc; path = "UIImage+Circle.m"; sourceTree = "<group>"; };
		0C42435B1E0A628800F96139 /* UIImageView+GSExtension.h */ = {isa = PBXFileReference; fileEncoding = 4; lastKnownFileType = sourcecode.c.h; path = "UIImageView+GSExtension.h"; sourceTree = "<group>"; };
		0C42435C1E0A628800F96139 /* UIImageView+GSExtension.m */ = {isa = PBXFileReference; fileEncoding = 4; lastKnownFileType = sourcecode.c.objc; path = "UIImageView+GSExtension.m"; sourceTree = "<group>"; };
		0C59686C1DF64F4900C37AC0 /* UIBarButtonItem+ExTension.h */ = {isa = PBXFileReference; fileEncoding = 4; lastKnownFileType = sourcecode.c.h; path = "UIBarButtonItem+ExTension.h"; sourceTree = "<group>"; };
		0C59686D1DF64F4900C37AC0 /* UIBarButtonItem+ExTension.m */ = {isa = PBXFileReference; fileEncoding = 4; lastKnownFileType = sourcecode.c.objc; path = "UIBarButtonItem+ExTension.m"; sourceTree = "<group>"; };
		0C5968721DF65DCB00C37AC0 /* CustomButton.h */ = {isa = PBXFileReference; fileEncoding = 4; lastKnownFileType = sourcecode.c.h; path = CustomButton.h; sourceTree = "<group>"; };
		0C5968731DF65DCB00C37AC0 /* CustomButton.m */ = {isa = PBXFileReference; fileEncoding = 4; lastKnownFileType = sourcecode.c.objc; path = CustomButton.m; sourceTree = "<group>"; };
		0C5968751DF66AA500C37AC0 /* GSTopicViewController.h */ = {isa = PBXFileReference; fileEncoding = 4; lastKnownFileType = sourcecode.c.h; path = GSTopicViewController.h; sourceTree = "<group>"; };
		0C5968761DF66AA500C37AC0 /* GSTopicViewController.m */ = {isa = PBXFileReference; fileEncoding = 4; lastKnownFileType = sourcecode.c.objc; path = GSTopicViewController.m; sourceTree = "<group>"; };
		0C5968781DF66ACE00C37AC0 /* GSAllViewController.h */ = {isa = PBXFileReference; fileEncoding = 4; lastKnownFileType = sourcecode.c.h; path = GSAllViewController.h; sourceTree = "<group>"; };
		0C5968791DF66ACE00C37AC0 /* GSAllViewController.m */ = {isa = PBXFileReference; fileEncoding = 4; lastKnownFileType = sourcecode.c.objc; path = GSAllViewController.m; sourceTree = "<group>"; };
		0C59687B1DF66AE100C37AC0 /* GSVideoViewController.h */ = {isa = PBXFileReference; fileEncoding = 4; lastKnownFileType = sourcecode.c.h; path = GSVideoViewController.h; sourceTree = "<group>"; };
		0C59687C1DF66AE100C37AC0 /* GSVideoViewController.m */ = {isa = PBXFileReference; fileEncoding = 4; lastKnownFileType = sourcecode.c.objc; path = GSVideoViewController.m; sourceTree = "<group>"; };
		0C59687E1DF66AF000C37AC0 /* GSVoiceViewController.h */ = {isa = PBXFileReference; fileEncoding = 4; lastKnownFileType = sourcecode.c.h; path = GSVoiceViewController.h; sourceTree = "<group>"; };
		0C59687F1DF66AF000C37AC0 /* GSVoiceViewController.m */ = {isa = PBXFileReference; fileEncoding = 4; lastKnownFileType = sourcecode.c.objc; path = GSVoiceViewController.m; sourceTree = "<group>"; };
		0C5968811DF66AFF00C37AC0 /* GSPictureViewController.h */ = {isa = PBXFileReference; fileEncoding = 4; lastKnownFileType = sourcecode.c.h; path = GSPictureViewController.h; sourceTree = "<group>"; };
		0C5968821DF66AFF00C37AC0 /* GSPictureViewController.m */ = {isa = PBXFileReference; fileEncoding = 4; lastKnownFileType = sourcecode.c.objc; path = GSPictureViewController.m; sourceTree = "<group>"; };
		0C5968841DF66B0E00C37AC0 /* GSWordViewController.h */ = {isa = PBXFileReference; fileEncoding = 4; lastKnownFileType = sourcecode.c.h; path = GSWordViewController.h; sourceTree = "<group>"; };
		0C5968851DF66B0E00C37AC0 /* GSWordViewController.m */ = {isa = PBXFileReference; fileEncoding = 4; lastKnownFileType = sourcecode.c.objc; path = GSWordViewController.m; sourceTree = "<group>"; };
		0C5968871DF69ECC00C37AC0 /* LoginViewController.storyboard */ = {isa = PBXFileReference; fileEncoding = 4; lastKnownFileType = file.storyboard; path = LoginViewController.storyboard; sourceTree = "<group>"; };
		0C5968891DF69F2500C37AC0 /* LoginViewController.h */ = {isa = PBXFileReference; fileEncoding = 4; lastKnownFileType = sourcecode.c.h; path = LoginViewController.h; sourceTree = "<group>"; };
		0C59688A1DF69F2500C37AC0 /* LoginViewController.m */ = {isa = PBXFileReference; fileEncoding = 4; lastKnownFileType = sourcecode.c.objc; path = LoginViewController.m; sourceTree = "<group>"; };
		0C892DBF1E03CFD300758282 /* GSMeSquare.h */ = {isa = PBXFileReference; fileEncoding = 4; lastKnownFileType = sourcecode.c.h; path = GSMeSquare.h; sourceTree = "<group>"; };
		0C892DC01E03CFD300758282 /* GSMeSquare.m */ = {isa = PBXFileReference; fileEncoding = 4; lastKnownFileType = sourcecode.c.objc; path = GSMeSquare.m; sourceTree = "<group>"; };
		0C892DC21E03CFFD00758282 /* GSFootView.h */ = {isa = PBXFileReference; fileEncoding = 4; lastKnownFileType = sourcecode.c.h; path = GSFootView.h; sourceTree = "<group>"; };
		0C892DC31E03CFFD00758282 /* GSFootView.m */ = {isa = PBXFileReference; fileEncoding = 4; lastKnownFileType = sourcecode.c.objc; path = GSFootView.m; sourceTree = "<group>"; };
		0C892DC51E03D01A00758282 /* GSSquareButton.h */ = {isa = PBXFileReference; fileEncoding = 4; lastKnownFileType = sourcecode.c.h; path = GSSquareButton.h; sourceTree = "<group>"; };
		0C892DC61E03D01A00758282 /* GSSquareButton.m */ = {isa = PBXFileReference; fileEncoding = 4; lastKnownFileType = sourcecode.c.objc; path = GSSquareButton.m; sourceTree = "<group>"; };
		0C892DC91E03ECC600758282 /* GSSettingViewController.h */ = {isa = PBXFileReference; fileEncoding = 4; lastKnownFileType = sourcecode.c.h; path = GSSettingViewController.h; sourceTree = "<group>"; };
		0C892DCA1E03ECC600758282 /* GSSettingViewController.m */ = {isa = PBXFileReference; fileEncoding = 4; lastKnownFileType = sourcecode.c.objc; path = GSSettingViewController.m; sourceTree = "<group>"; };
		0C892DCC1E03EE0D00758282 /* GSClearCell.h */ = {isa = PBXFileReference; fileEncoding = 4; lastKnownFileType = sourcecode.c.h; path = GSClearCell.h; sourceTree = "<group>"; };
		0C892DCD1E03EE0D00758282 /* GSClearCell.m */ = {isa = PBXFileReference; fileEncoding = 4; lastKnownFileType = sourcecode.c.objc; path = GSClearCell.m; sourceTree = "<group>"; };
		0CBAE8581DF509C4006D3F01 /* BaiSiBuDeJie.app */ = {isa = PBXFileReference; explicitFileType = wrapper.application; includeInIndex = 0; path = BaiSiBuDeJie.app; sourceTree = BUILT_PRODUCTS_DIR; };
		0CBAE85C1DF509C4006D3F01 /* main.m */ = {isa = PBXFileReference; lastKnownFileType = sourcecode.c.objc; path = main.m; sourceTree = "<group>"; };
		0CBAE85E1DF509C4006D3F01 /* AppDelegate.h */ = {isa = PBXFileReference; lastKnownFileType = sourcecode.c.h; name = AppDelegate.h; path = ../../AppDelegate.h; sourceTree = "<group>"; };
		0CBAE85F1DF509C4006D3F01 /* AppDelegate.m */ = {isa = PBXFileReference; lastKnownFileType = sourcecode.c.objc; name = AppDelegate.m; path = ../../AppDelegate.m; sourceTree = "<group>"; };
		0CBAE8671DF509C4006D3F01 /* Assets.xcassets */ = {isa = PBXFileReference; lastKnownFileType = folder.assetcatalog; path = Assets.xcassets; sourceTree = "<group>"; };
		0CBAE86C1DF509C4006D3F01 /* Info.plist */ = {isa = PBXFileReference; lastKnownFileType = text.plist.xml; path = Info.plist; sourceTree = "<group>"; };
		0CBAE8711DF509C4006D3F01 /* BaiSiBuDeJieTests.xctest */ = {isa = PBXFileReference; explicitFileType = wrapper.cfbundle; includeInIndex = 0; path = BaiSiBuDeJieTests.xctest; sourceTree = BUILT_PRODUCTS_DIR; };
		0CBAE8751DF509C4006D3F01 /* BaiSiBuDeJieTests.m */ = {isa = PBXFileReference; lastKnownFileType = sourcecode.c.objc; path = BaiSiBuDeJieTests.m; sourceTree = "<group>"; };
		0CBAE8771DF509C4006D3F01 /* Info.plist */ = {isa = PBXFileReference; lastKnownFileType = text.plist.xml; path = Info.plist; sourceTree = "<group>"; };
		0CBAE87C1DF509C4006D3F01 /* BaiSiBuDeJieUITests.xctest */ = {isa = PBXFileReference; explicitFileType = wrapper.cfbundle; includeInIndex = 0; path = BaiSiBuDeJieUITests.xctest; sourceTree = BUILT_PRODUCTS_DIR; };
		0CBAE8801DF509C4006D3F01 /* BaiSiBuDeJieUITests.m */ = {isa = PBXFileReference; lastKnownFileType = sourcecode.c.objc; path = BaiSiBuDeJieUITests.m; sourceTree = "<group>"; };
		0CBAE8821DF509C4006D3F01 /* Info.plist */ = {isa = PBXFileReference; lastKnownFileType = text.plist.xml; path = Info.plist; sourceTree = "<group>"; };
		270220D740FC2AADD89F178A /* Pods-BaiSiBuDeJie.debug.xcconfig */ = {isa = PBXFileReference; includeInIndex = 1; lastKnownFileType = text.xcconfig; name = "Pods-BaiSiBuDeJie.debug.xcconfig"; path = "Pods/Target Support Files/Pods-BaiSiBuDeJie/Pods-BaiSiBuDeJie.debug.xcconfig"; sourceTree = "<group>"; };
		FC11BCFF128CAA283ACFDE8B /* Pods_BaiSiBuDeJie.framework */ = {isa = PBXFileReference; explicitFileType = wrapper.framework; includeInIndex = 0; path = Pods_BaiSiBuDeJie.framework; sourceTree = BUILT_PRODUCTS_DIR; };
/* End PBXFileReference section */

/* Begin PBXFrameworksBuildPhase section */
		0CBAE8551DF509C4006D3F01 /* Frameworks */ = {
			isa = PBXFrameworksBuildPhase;
			buildActionMask = 2147483647;
			files = (
				2979DEA402EB65D7D7D49AB6 /* Pods_BaiSiBuDeJie.framework in Frameworks */,
			);
			runOnlyForDeploymentPostprocessing = 0;
		};
		0CBAE86E1DF509C4006D3F01 /* Frameworks */ = {
			isa = PBXFrameworksBuildPhase;
			buildActionMask = 2147483647;
			files = (
			);
			runOnlyForDeploymentPostprocessing = 0;
		};
		0CBAE8791DF509C4006D3F01 /* Frameworks */ = {
			isa = PBXFrameworksBuildPhase;
			buildActionMask = 2147483647;
			files = (
			);
			runOnlyForDeploymentPostprocessing = 0;
		};
/* End PBXFrameworksBuildPhase section */

/* Begin PBXGroup section */
		0C1D6EA41DF540D300783266 /* class */ = {
			isa = PBXGroup;
			children = (
				0C1D6EA51DF540D300783266 /* Comment-评论 */,
				0C1D6EA91DF540D300783266 /* Essence-精华 */,
				0C1D6EAD1DF540D300783266 /* Follow-关注 */,
				0C1D6EB11DF540D300783266 /* Me-我 */,
				0C1D6EB51DF540D300783266 /* New-新帖 */,
				0C1D6EB91DF540D300783266 /* Other-其他 */,
			);
			path = class;
			sourceTree = "<group>";
		};
		0C1D6EA51DF540D300783266 /* Comment-评论 */ = {
			isa = PBXGroup;
			children = (
				0C1D6EA61DF540D300783266 /* Controller */,
				0C1D6EA71DF540D300783266 /* Model */,
				0C1D6EA81DF540D300783266 /* View */,
			);
			path = "Comment-评论";
			sourceTree = "<group>";
		};
		0C1D6EA61DF540D300783266 /* Controller */ = {
			isa = PBXGroup;
			children = (
			);
			path = Controller;
			sourceTree = "<group>";
		};
		0C1D6EA71DF540D300783266 /* Model */ = {
			isa = PBXGroup;
			children = (
			);
			path = Model;
			sourceTree = "<group>";
		};
		0C1D6EA81DF540D300783266 /* View */ = {
			isa = PBXGroup;
			children = (
			);
			path = View;
			sourceTree = "<group>";
		};
		0C1D6EA91DF540D300783266 /* Essence-精华 */ = {
			isa = PBXGroup;
			children = (
				0C1D6EAA1DF540D300783266 /* Controller */,
				0C1D6EAB1DF540D300783266 /* Model */,
				0C1D6EAC1DF540D300783266 /* View */,
			);
			path = "Essence-精华";
			sourceTree = "<group>";
		};
		0C1D6EAA1DF540D300783266 /* Controller */ = {
			isa = PBXGroup;
			children = (
				0C1D6EC61DF5449900783266 /* GSEssenceViewController.h */,
				0C1D6EC71DF5449900783266 /* GSEssenceViewController.m */,
				0C5968751DF66AA500C37AC0 /* GSTopicViewController.h */,
				0C5968761DF66AA500C37AC0 /* GSTopicViewController.m */,
				0C5968781DF66ACE00C37AC0 /* GSAllViewController.h */,
				0C5968791DF66ACE00C37AC0 /* GSAllViewController.m */,
				0C59687B1DF66AE100C37AC0 /* GSVideoViewController.h */,
				0C59687C1DF66AE100C37AC0 /* GSVideoViewController.m */,
				0C59687E1DF66AF000C37AC0 /* GSVoiceViewController.h */,
				0C59687F1DF66AF000C37AC0 /* GSVoiceViewController.m */,
				0C5968811DF66AFF00C37AC0 /* GSPictureViewController.h */,
				0C5968821DF66AFF00C37AC0 /* GSPictureViewController.m */,
				0C5968841DF66B0E00C37AC0 /* GSWordViewController.h */,
				0C5968851DF66B0E00C37AC0 /* GSWordViewController.m */,
			);
			path = Controller;
			sourceTree = "<group>";
		};
		0C1D6EAB1DF540D300783266 /* Model */ = {
			isa = PBXGroup;
			children = (
				0C2B40E31E07D79600C01106 /* GSTopic.h */,
				0C2B40E41E07D79600C01106 /* GSTopic.m */,
			);
			path = Model;
			sourceTree = "<group>";
		};
		0C1D6EAC1DF540D300783266 /* View */ = {
			isa = PBXGroup;
			children = (
				0C42434D1E0A533100F96139 /* GSTopicCell.h */,
				0C42434E1E0A533100F96139 /* GSTopicCell.m */,
				0C42434F1E0A533100F96139 /* GSTopicCell.xib */,
			);
			path = View;
			sourceTree = "<group>";
		};
		0C1D6EAD1DF540D300783266 /* Follow-关注 */ = {
			isa = PBXGroup;
			children = (
				0C1D6EAE1DF540D300783266 /* Controller */,
				0C1D6EAF1DF540D300783266 /* Model */,
				0C1D6EB01DF540D300783266 /* View */,
			);
			path = "Follow-关注";
			sourceTree = "<group>";
		};
		0C1D6EAE1DF540D300783266 /* Controller */ = {
			isa = PBXGroup;
			children = (
				0C1D6EC31DF5443B00783266 /* GSFollowViewController.h */,
				0C1D6EC41DF5443B00783266 /* GSFollowViewController.m */,
			);
			path = Controller;
			sourceTree = "<group>";
		};
		0C1D6EAF1DF540D300783266 /* Model */ = {
			isa = PBXGroup;
			children = (
			);
			path = Model;
			sourceTree = "<group>";
		};
		0C1D6EB01DF540D300783266 /* View */ = {
			isa = PBXGroup;
			children = (
			);
			path = View;
			sourceTree = "<group>";
		};
		0C1D6EB11DF540D300783266 /* Me-我 */ = {
			isa = PBXGroup;
			children = (
				0C1D6EB21DF540D300783266 /* Controller */,
				0C1D6EB31DF540D300783266 /* Model */,
				0C1D6EB41DF540D300783266 /* View */,
			);
			path = "Me-我";
			sourceTree = "<group>";
		};
		0C1D6EB21DF540D300783266 /* Controller */ = {
			isa = PBXGroup;
			children = (
				0C1D6ECC1DF544E600783266 /* GSMeViewController.h */,
				0C1D6ECD1DF544E600783266 /* GSMeViewController.m */,
				0C892DC91E03ECC600758282 /* GSSettingViewController.h */,
				0C892DCA1E03ECC600758282 /* GSSettingViewController.m */,
			);
			path = Controller;
			sourceTree = "<group>";
		};
		0C1D6EB31DF540D300783266 /* Model */ = {
			isa = PBXGroup;
			children = (
				0C892DBF1E03CFD300758282 /* GSMeSquare.h */,
				0C892DC01E03CFD300758282 /* GSMeSquare.m */,
			);
			path = Model;
			sourceTree = "<group>";
		};
		0C1D6EB41DF540D300783266 /* View */ = {
			isa = PBXGroup;
			children = (
				0C1867E01E03C374001791DF /* MeTableviewCell.h */,
				0C1867E11E03C374001791DF /* MeTableviewCell.m */,
				0C892DC21E03CFFD00758282 /* GSFootView.h */,
				0C892DC31E03CFFD00758282 /* GSFootView.m */,
				0C892DC51E03D01A00758282 /* GSSquareButton.h */,
				0C892DC61E03D01A00758282 /* GSSquareButton.m */,
				0C892DCC1E03EE0D00758282 /* GSClearCell.h */,
				0C892DCD1E03EE0D00758282 /* GSClearCell.m */,
			);
			path = View;
			sourceTree = "<group>";
		};
		0C1D6EB51DF540D300783266 /* New-新帖 */ = {
			isa = PBXGroup;
			children = (
				0C1D6EB61DF540D300783266 /* Controller */,
				0C1D6EB71DF540D300783266 /* Model */,
				0C1D6EB81DF540D300783266 /* View */,
			);
			path = "New-新帖";
			sourceTree = "<group>";
		};
		0C1D6EB61DF540D300783266 /* Controller */ = {
			isa = PBXGroup;
			children = (
				0C1D6EC91DF544C500783266 /* GSNewViewController.h */,
				0C1D6ECA1DF544C500783266 /* GSNewViewController.m */,
			);
			path = Controller;
			sourceTree = "<group>";
		};
		0C1D6EB71DF540D300783266 /* Model */ = {
			isa = PBXGroup;
			children = (
			);
			path = Model;
			sourceTree = "<group>";
		};
		0C1D6EB81DF540D300783266 /* View */ = {
			isa = PBXGroup;
			children = (
			);
			path = View;
			sourceTree = "<group>";
		};
		0C1D6EB91DF540D300783266 /* Other-其他 */ = {
			isa = PBXGroup;
			children = (
				0C1D6EBC1DF540D300783266 /* View */,
				0C1D6EBB1DF540D300783266 /* Controller */,
				0C1D6EBA1DF540D300783266 /* Category */,
				0CBAE85E1DF509C4006D3F01 /* AppDelegate.h */,
				0CBAE85F1DF509C4006D3F01 /* AppDelegate.m */,
				0C1867E31E03C513001791DF /* GSGlobalConst.h */,
				0C1867E41E03C513001791DF /* GSGlobalConst.m */,
				0C4243521E0A583300F96139 /* GSAFHTTPSessionManager.h */,
				0C4243531E0A583300F96139 /* GSAFHTTPSessionManager.m */,
			);
			path = "Other-其他";
			sourceTree = "<group>";
		};
		0C1D6EBA1DF540D300783266 /* Category */ = {
			isa = PBXGroup;
			children = (
				0C1D6ED31DF5472800783266 /* UIView+ExTension.h */,
				0C1D6ED41DF5472800783266 /* UIView+ExTension.m */,
				0C59686C1DF64F4900C37AC0 /* UIBarButtonItem+ExTension.h */,
				0C59686D1DF64F4900C37AC0 /* UIBarButtonItem+ExTension.m */,
				0C5968721DF65DCB00C37AC0 /* CustomButton.h */,
				0C5968731DF65DCB00C37AC0 /* CustomButton.m */,
				0C4243581E0A609500F96139 /* UIImage+Circle.h */,
				0C4243591E0A609500F96139 /* UIImage+Circle.m */,
				0C42435B1E0A628800F96139 /* UIImageView+GSExtension.h */,
				0C42435C1E0A628800F96139 /* UIImageView+GSExtension.m */,
			);
			path = Category;
			sourceTree = "<group>";
		};
		0C1D6EBB1DF540D300783266 /* Controller */ = {
			isa = PBXGroup;
			children = (
				0C1D6EBD1DF541C900783266 /* RootViewController.h */,
				0C1D6EBE1DF541C900783266 /* RootViewController.m */,
				0C1D6EC01DF5438300783266 /* GSNavigationController.h */,
				0C1D6EC11DF5438300783266 /* GSNavigationController.m */,
				0C5968871DF69ECC00C37AC0 /* LoginViewController.storyboard */,
				0C5968891DF69F2500C37AC0 /* LoginViewController.h */,
				0C59688A1DF69F2500C37AC0 /* LoginViewController.m */,
			);
			path = Controller;
			sourceTree = "<group>";
		};
		0C1D6EBC1DF540D300783266 /* View */ = {
			isa = PBXGroup;
			children = (
				0C1D6ECF1DF5452500783266 /* GSTabBar.h */,
				0C1D6ED01DF5452500783266 /* GSTabBar.m */,
				0C2B40E61E07DF3300C01106 /* GSRefreshNormalHeader.h */,
				0C2B40E71E07DF3300C01106 /* GSRefreshNormalHeader.m */,
				0C42434A1E0A25E500F96139 /* GSRefreshAutoFooter.h */,
				0C42434B1E0A25E500F96139 /* GSRefreshAutoFooter.m */,
			);
			path = View;
			sourceTree = "<group>";
		};
		0CBAE84F1DF509C4006D3F01 = {
			isa = PBXGroup;
			children = (
				0CBAE85A1DF509C4006D3F01 /* BaiSiBuDeJie */,
				0CBAE8741DF509C4006D3F01 /* BaiSiBuDeJieTests */,
				0CBAE87F1DF509C4006D3F01 /* BaiSiBuDeJieUITests */,
				0CBAE8591DF509C4006D3F01 /* Products */,
				8BAAABA1ADCE71262D4C2702 /* Pods */,
				BC878E7664B12AB0833B8F72 /* Frameworks */,
			);
			sourceTree = "<group>";
		};
		0CBAE8591DF509C4006D3F01 /* Products */ = {
			isa = PBXGroup;
			children = (
				0CBAE8581DF509C4006D3F01 /* BaiSiBuDeJie.app */,
				0CBAE8711DF509C4006D3F01 /* BaiSiBuDeJieTests.xctest */,
				0CBAE87C1DF509C4006D3F01 /* BaiSiBuDeJieUITests.xctest */,
			);
			name = Products;
			sourceTree = "<group>";
		};
		0CBAE85A1DF509C4006D3F01 /* BaiSiBuDeJie */ = {
			isa = PBXGroup;
			children = (
				0C1D6EA41DF540D300783266 /* class */,
				0CBAE8671DF509C4006D3F01 /* Assets.xcassets */,
				0CBAE86C1DF509C4006D3F01 /* Info.plist */,
				0CBAE85B1DF509C4006D3F01 /* Supporting Files */,
			);
			path = BaiSiBuDeJie;
			sourceTree = "<group>";
		};
		0CBAE85B1DF509C4006D3F01 /* Supporting Files */ = {
			isa = PBXGroup;
			children = (
				0CBAE85C1DF509C4006D3F01 /* main.m */,
				0C1D6ED21DF5463300783266 /* PrefixHeader.pch */,
			);
			name = "Supporting Files";
			sourceTree = "<group>";
		};
		0CBAE8741DF509C4006D3F01 /* BaiSiBuDeJieTests */ = {
			isa = PBXGroup;
			children = (
				0CBAE8751DF509C4006D3F01 /* BaiSiBuDeJieTests.m */,
				0CBAE8771DF509C4006D3F01 /* Info.plist */,
			);
			path = BaiSiBuDeJieTests;
			sourceTree = "<group>";
		};
		0CBAE87F1DF509C4006D3F01 /* BaiSiBuDeJieUITests */ = {
			isa = PBXGroup;
			children = (
				0CBAE8801DF509C4006D3F01 /* BaiSiBuDeJieUITests.m */,
				0CBAE8821DF509C4006D3F01 /* Info.plist */,
			);
			path = BaiSiBuDeJieUITests;
			sourceTree = "<group>";
		};
		8BAAABA1ADCE71262D4C2702 /* Pods */ = {
			isa = PBXGroup;
			children = (
				270220D740FC2AADD89F178A /* Pods-BaiSiBuDeJie.debug.xcconfig */,
				00087601BF2BDB87239D1A56 /* Pods-BaiSiBuDeJie.release.xcconfig */,
			);
			name = Pods;
			sourceTree = "<group>";
		};
		BC878E7664B12AB0833B8F72 /* Frameworks */ = {
			isa = PBXGroup;
			children = (
				FC11BCFF128CAA283ACFDE8B /* Pods_BaiSiBuDeJie.framework */,
			);
			name = Frameworks;
			sourceTree = "<group>";
		};
/* End PBXGroup section */

/* Begin PBXNativeTarget section */
		0CBAE8571DF509C4006D3F01 /* BaiSiBuDeJie */ = {
			isa = PBXNativeTarget;
			buildConfigurationList = 0CBAE8851DF509C4006D3F01 /* Build configuration list for PBXNativeTarget "BaiSiBuDeJie" */;
			buildPhases = (
				7EBF81AFF52B8A2484066C66 /* [CP] Check Pods Manifest.lock */,
				0CBAE8541DF509C4006D3F01 /* Sources */,
				0CBAE8551DF509C4006D3F01 /* Frameworks */,
				0CBAE8561DF509C4006D3F01 /* Resources */,
				3967A8516EA62E66D05AA730 /* [CP] Embed Pods Frameworks */,
				AA819FC415B379559601F9F9 /* [CP] Copy Pods Resources */,
			);
			buildRules = (
			);
			dependencies = (
			);
			name = BaiSiBuDeJie;
			productName = BaiSiBuDeJie;
			productReference = 0CBAE8581DF509C4006D3F01 /* BaiSiBuDeJie.app */;
			productType = "com.apple.product-type.application";
		};
		0CBAE8701DF509C4006D3F01 /* BaiSiBuDeJieTests */ = {
			isa = PBXNativeTarget;
			buildConfigurationList = 0CBAE8881DF509C4006D3F01 /* Build configuration list for PBXNativeTarget "BaiSiBuDeJieTests" */;
			buildPhases = (
				0CBAE86D1DF509C4006D3F01 /* Sources */,
				0CBAE86E1DF509C4006D3F01 /* Frameworks */,
				0CBAE86F1DF509C4006D3F01 /* Resources */,
			);
			buildRules = (
			);
			dependencies = (
				0CBAE8731DF509C4006D3F01 /* PBXTargetDependency */,
			);
			name = BaiSiBuDeJieTests;
			productName = BaiSiBuDeJieTests;
			productReference = 0CBAE8711DF509C4006D3F01 /* BaiSiBuDeJieTests.xctest */;
			productType = "com.apple.product-type.bundle.unit-test";
		};
		0CBAE87B1DF509C4006D3F01 /* BaiSiBuDeJieUITests */ = {
			isa = PBXNativeTarget;
			buildConfigurationList = 0CBAE88B1DF509C4006D3F01 /* Build configuration list for PBXNativeTarget "BaiSiBuDeJieUITests" */;
			buildPhases = (
				0CBAE8781DF509C4006D3F01 /* Sources */,
				0CBAE8791DF509C4006D3F01 /* Frameworks */,
				0CBAE87A1DF509C4006D3F01 /* Resources */,
			);
			buildRules = (
			);
			dependencies = (
				0CBAE87E1DF509C4006D3F01 /* PBXTargetDependency */,
			);
			name = BaiSiBuDeJieUITests;
			productName = BaiSiBuDeJieUITests;
			productReference = 0CBAE87C1DF509C4006D3F01 /* BaiSiBuDeJieUITests.xctest */;
			productType = "com.apple.product-type.bundle.ui-testing";
		};
/* End PBXNativeTarget section */

/* Begin PBXProject section */
		0CBAE8501DF509C4006D3F01 /* Project object */ = {
			isa = PBXProject;
			attributes = {
				LastUpgradeCheck = 0730;
				ORGANIZATIONNAME = most;
				TargetAttributes = {
					0CBAE8571DF509C4006D3F01 = {
						CreatedOnToolsVersion = 7.3.1;
						ProvisioningStyle = Manual;
					};
					0CBAE8701DF509C4006D3F01 = {
						CreatedOnToolsVersion = 7.3.1;
						TestTargetID = 0CBAE8571DF509C4006D3F01;
					};
					0CBAE87B1DF509C4006D3F01 = {
						CreatedOnToolsVersion = 7.3.1;
						TestTargetID = 0CBAE8571DF509C4006D3F01;
					};
				};
			};
			buildConfigurationList = 0CBAE8531DF509C4006D3F01 /* Build configuration list for PBXProject "BaiSiBuDeJie" */;
			compatibilityVersion = "Xcode 3.2";
			developmentRegion = English;
			hasScannedForEncodings = 0;
			knownRegions = (
				en,
				Base,
			);
			mainGroup = 0CBAE84F1DF509C4006D3F01;
			productRefGroup = 0CBAE8591DF509C4006D3F01 /* Products */;
			projectDirPath = "";
			projectRoot = "";
			targets = (
				0CBAE8571DF509C4006D3F01 /* BaiSiBuDeJie */,
				0CBAE8701DF509C4006D3F01 /* BaiSiBuDeJieTests */,
				0CBAE87B1DF509C4006D3F01 /* BaiSiBuDeJieUITests */,
			);
		};
/* End PBXProject section */

/* Begin PBXResourcesBuildPhase section */
		0CBAE8561DF509C4006D3F01 /* Resources */ = {
			isa = PBXResourcesBuildPhase;
			buildActionMask = 2147483647;
			files = (
				0C4243511E0A533100F96139 /* GSTopicCell.xib in Resources */,
				0CBAE8681DF509C4006D3F01 /* Assets.xcassets in Resources */,
				0C5968881DF69ECC00C37AC0 /* LoginViewController.storyboard in Resources */,
			);
			runOnlyForDeploymentPostprocessing = 0;
		};
		0CBAE86F1DF509C4006D3F01 /* Resources */ = {
			isa = PBXResourcesBuildPhase;
			buildActionMask = 2147483647;
			files = (
			);
			runOnlyForDeploymentPostprocessing = 0;
		};
		0CBAE87A1DF509C4006D3F01 /* Resources */ = {
			isa = PBXResourcesBuildPhase;
			buildActionMask = 2147483647;
			files = (
			);
			runOnlyForDeploymentPostprocessing = 0;
		};
/* End PBXResourcesBuildPhase section */

/* Begin PBXShellScriptBuildPhase section */
		3967A8516EA62E66D05AA730 /* [CP] Embed Pods Frameworks */ = {
			isa = PBXShellScriptBuildPhase;
			buildActionMask = 2147483647;
			files = (
			);
			inputPaths = (
			);
			name = "[CP] Embed Pods Frameworks";
			outputPaths = (
			);
			runOnlyForDeploymentPostprocessing = 0;
			shellPath = /bin/sh;
			shellScript = "\"${SRCROOT}/Pods/Target Support Files/Pods-BaiSiBuDeJie/Pods-BaiSiBuDeJie-frameworks.sh\"\n";
			showEnvVarsInLog = 0;
		};
		7EBF81AFF52B8A2484066C66 /* [CP] Check Pods Manifest.lock */ = {
			isa = PBXShellScriptBuildPhase;
			buildActionMask = 2147483647;
			files = (
			);
			inputPaths = (
			);
			name = "[CP] Check Pods Manifest.lock";
			outputPaths = (
			);
			runOnlyForDeploymentPostprocessing = 0;
			shellPath = /bin/sh;
			shellScript = "diff \"${PODS_ROOT}/../Podfile.lock\" \"${PODS_ROOT}/Manifest.lock\" > /dev/null\nif [ $? != 0 ] ; then\n    # print error to STDERR\n    echo \"error: The sandbox is not in sync with the Podfile.lock. Run 'pod install' or update your CocoaPods installation.\" >&2\n    exit 1\nfi\n";
			showEnvVarsInLog = 0;
		};
		AA819FC415B379559601F9F9 /* [CP] Copy Pods Resources */ = {
			isa = PBXShellScriptBuildPhase;
			buildActionMask = 2147483647;
			files = (
			);
			inputPaths = (
			);
			name = "[CP] Copy Pods Resources";
			outputPaths = (
			);
			runOnlyForDeploymentPostprocessing = 0;
			shellPath = /bin/sh;
			shellScript = "\"${SRCROOT}/Pods/Target Support Files/Pods-BaiSiBuDeJie/Pods-BaiSiBuDeJie-resources.sh\"\n";
			showEnvVarsInLog = 0;
		};
/* End PBXShellScriptBuildPhase section */

/* Begin PBXSourcesBuildPhase section */
		0CBAE8541DF509C4006D3F01 /* Sources */ = {
			isa = PBXSourcesBuildPhase;
			buildActionMask = 2147483647;
			files = (
				0CBAE8601DF509C4006D3F01 /* AppDelegate.m in Sources */,
				0C2B40E81E07DF3300C01106 /* GSRefreshNormalHeader.m in Sources */,
				0C5968801DF66AF000C37AC0 /* GSVoiceViewController.m in Sources */,
				0C4243501E0A533100F96139 /* GSTopicCell.m in Sources */,
				0C1867E51E03C513001791DF /* GSGlobalConst.m in Sources */,
				0C892DC11E03CFD300758282 /* GSMeSquare.m in Sources */,
				0C1D6EC81DF5449900783266 /* GSEssenceViewController.m in Sources */,
				0C59687A1DF66ACE00C37AC0 /* GSAllViewController.m in Sources */,
				0C59686E1DF64F4900C37AC0 /* UIBarButtonItem+ExTension.m in Sources */,
				0C42435A1E0A609500F96139 /* UIImage+Circle.m in Sources */,
				0C5968771DF66AA500C37AC0 /* GSTopicViewController.m in Sources */,
				0C42434C1E0A25E500F96139 /* GSRefreshAutoFooter.m in Sources */,
				0C1D6ECE1DF544E600783266 /* GSMeViewController.m in Sources */,
				0C1D6EC21DF5438300783266 /* GSNavigationController.m in Sources */,
				0C1D6ED51DF5472800783266 /* UIView+ExTension.m in Sources */,
				0C1867E21E03C374001791DF /* MeTableviewCell.m in Sources */,
				0C1D6ED11DF5452500783266 /* GSTabBar.m in Sources */,
				0C5968861DF66B0E00C37AC0 /* GSWordViewController.m in Sources */,
				0C892DCB1E03ECC600758282 /* GSSettingViewController.m in Sources */,
				0C1D6EC51DF5443B00783266 /* GSFollowViewController.m in Sources */,
				0CBAE85D1DF509C4006D3F01 /* main.m in Sources */,
				0C59687D1DF66AE100C37AC0 /* GSVideoViewController.m in Sources */,
				0C1D6ECB1DF544C500783266 /* GSNewViewController.m in Sources */,
				0C892DCE1E03EE0D00758282 /* GSClearCell.m in Sources */,
				0C42435D1E0A628800F96139 /* UIImageView+GSExtension.m in Sources */,
				0C892DC71E03D01A00758282 /* GSSquareButton.m in Sources */,
				0C4243541E0A583300F96139 /* GSAFHTTPSessionManager.m in Sources */,
				0C892DC41E03CFFD00758282 /* GSFootView.m in Sources */,
				0C59688B1DF69F2500C37AC0 /* LoginViewController.m in Sources */,
				0C5968831DF66AFF00C37AC0 /* GSPictureViewController.m in Sources */,
				0C5968741DF65DCB00C37AC0 /* CustomButton.m in Sources */,
				0C1D6EBF1DF541C900783266 /* RootViewController.m in Sources */,
				0C2B40E51E07D79600C01106 /* GSTopic.m in Sources */,
			);
			runOnlyForDeploymentPostprocessing = 0;
		};
		0CBAE86D1DF509C4006D3F01 /* Sources */ = {
			isa = PBXSourcesBuildPhase;
			buildActionMask = 2147483647;
			files = (
				0CBAE8761DF509C4006D3F01 /* BaiSiBuDeJieTests.m in Sources */,
			);
			runOnlyForDeploymentPostprocessing = 0;
		};
		0CBAE8781DF509C4006D3F01 /* Sources */ = {
			isa = PBXSourcesBuildPhase;
			buildActionMask = 2147483647;
			files = (
				0CBAE8811DF509C4006D3F01 /* BaiSiBuDeJieUITests.m in Sources */,
			);
			runOnlyForDeploymentPostprocessing = 0;
		};
/* End PBXSourcesBuildPhase section */

/* Begin PBXTargetDependency section */
		0CBAE8731DF509C4006D3F01 /* PBXTargetDependency */ = {
			isa = PBXTargetDependency;
			target = 0CBAE8571DF509C4006D3F01 /* BaiSiBuDeJie */;
			targetProxy = 0CBAE8721DF509C4006D3F01 /* PBXContainerItemProxy */;
		};
		0CBAE87E1DF509C4006D3F01 /* PBXTargetDependency */ = {
			isa = PBXTargetDependency;
			target = 0CBAE8571DF509C4006D3F01 /* BaiSiBuDeJie */;
			targetProxy = 0CBAE87D1DF509C4006D3F01 /* PBXContainerItemProxy */;
		};
/* End PBXTargetDependency section */

/* Begin XCBuildConfiguration section */
		0CBAE8831DF509C4006D3F01 /* Debug */ = {
			isa = XCBuildConfiguration;
			buildSettings = {
				ALWAYS_SEARCH_USER_PATHS = NO;
				CLANG_ANALYZER_NONNULL = YES;
				CLANG_CXX_LANGUAGE_STANDARD = "gnu++0x";
				CLANG_CXX_LIBRARY = "libc++";
				CLANG_ENABLE_MODULES = YES;
				CLANG_ENABLE_OBJC_ARC = YES;
				CLANG_WARN_BOOL_CONVERSION = YES;
				CLANG_WARN_CONSTANT_CONVERSION = YES;
				CLANG_WARN_DIRECT_OBJC_ISA_USAGE = YES_ERROR;
				CLANG_WARN_EMPTY_BODY = YES;
				CLANG_WARN_ENUM_CONVERSION = YES;
				CLANG_WARN_INT_CONVERSION = YES;
				CLANG_WARN_OBJC_ROOT_CLASS = YES_ERROR;
				CLANG_WARN_UNREACHABLE_CODE = YES;
				CLANG_WARN__DUPLICATE_METHOD_MATCH = YES;
				"CODE_SIGN_IDENTITY[sdk=iphoneos*]" = "iPhone Developer";
				COPY_PHASE_STRIP = NO;
				DEBUG_INFORMATION_FORMAT = dwarf;
				ENABLE_STRICT_OBJC_MSGSEND = YES;
				ENABLE_TESTABILITY = YES;
				GCC_C_LANGUAGE_STANDARD = gnu99;
				GCC_DYNAMIC_NO_PIC = NO;
				GCC_NO_COMMON_BLOCKS = YES;
				GCC_OPTIMIZATION_LEVEL = 0;
				GCC_PREPROCESSOR_DEFINITIONS = (
					"DEBUG=1",
					"$(inherited)",
				);
				GCC_WARN_64_TO_32_BIT_CONVERSION = YES;
				GCC_WARN_ABOUT_RETURN_TYPE = YES_ERROR;
				GCC_WARN_UNDECLARED_SELECTOR = YES;
				GCC_WARN_UNINITIALIZED_AUTOS = YES_AGGRESSIVE;
				GCC_WARN_UNUSED_FUNCTION = YES;
				GCC_WARN_UNUSED_VARIABLE = YES;
				IPHONEOS_DEPLOYMENT_TARGET = 9.3;
				MTL_ENABLE_DEBUG_INFO = YES;
				ONLY_ACTIVE_ARCH = YES;
				SDKROOT = iphoneos;
				TARGETED_DEVICE_FAMILY = "1,2";
			};
			name = Debug;
		};
		0CBAE8841DF509C4006D3F01 /* Release */ = {
			isa = XCBuildConfiguration;
			buildSettings = {
				ALWAYS_SEARCH_USER_PATHS = NO;
				CLANG_ANALYZER_NONNULL = YES;
				CLANG_CXX_LANGUAGE_STANDARD = "gnu++0x";
				CLANG_CXX_LIBRARY = "libc++";
				CLANG_ENABLE_MODULES = YES;
				CLANG_ENABLE_OBJC_ARC = YES;
				CLANG_WARN_BOOL_CONVERSION = YES;
				CLANG_WARN_CONSTANT_CONVERSION = YES;
				CLANG_WARN_DIRECT_OBJC_ISA_USAGE = YES_ERROR;
				CLANG_WARN_EMPTY_BODY = YES;
				CLANG_WARN_ENUM_CONVERSION = YES;
				CLANG_WARN_INT_CONVERSION = YES;
				CLANG_WARN_OBJC_ROOT_CLASS = YES_ERROR;
				CLANG_WARN_UNREACHABLE_CODE = YES;
				CLANG_WARN__DUPLICATE_METHOD_MATCH = YES;
				"CODE_SIGN_IDENTITY[sdk=iphoneos*]" = "iPhone Developer";
				COPY_PHASE_STRIP = NO;
				DEBUG_INFORMATION_FORMAT = "dwarf-with-dsym";
				ENABLE_NS_ASSERTIONS = NO;
				ENABLE_STRICT_OBJC_MSGSEND = YES;
				GCC_C_LANGUAGE_STANDARD = gnu99;
				GCC_NO_COMMON_BLOCKS = YES;
				GCC_WARN_64_TO_32_BIT_CONVERSION = YES;
				GCC_WARN_ABOUT_RETURN_TYPE = YES_ERROR;
				GCC_WARN_UNDECLARED_SELECTOR = YES;
				GCC_WARN_UNINITIALIZED_AUTOS = YES_AGGRESSIVE;
				GCC_WARN_UNUSED_FUNCTION = YES;
				GCC_WARN_UNUSED_VARIABLE = YES;
				IPHONEOS_DEPLOYMENT_TARGET = 9.3;
				MTL_ENABLE_DEBUG_INFO = NO;
				SDKROOT = iphoneos;
				TARGETED_DEVICE_FAMILY = "1,2";
				VALIDATE_PRODUCT = YES;
			};
			name = Release;
		};
		0CBAE8861DF509C4006D3F01 /* Debug */ = {
			isa = XCBuildConfiguration;
			baseConfigurationReference = 270220D740FC2AADD89F178A /* Pods-BaiSiBuDeJie.debug.xcconfig */;
			buildSettings = {
				ASSETCATALOG_COMPILER_APPICON_NAME = AppIcon;
				DEVELOPMENT_TEAM = "";
				GCC_PREFIX_HEADER = "$(SRCROOT)/BaiSiBuDeJie/PrefixHeader.pch";
				INFOPLIST_FILE = BaiSiBuDeJie/Info.plist;
				IPHONEOS_DEPLOYMENT_TARGET = 8.3;
				LD_RUNPATH_SEARCH_PATHS = "$(inherited) @executable_path/Frameworks";
				PRODUCT_BUNDLE_IDENTIFIER = com.sinavotech.BaiSiBuDeJie;
				PRODUCT_NAME = "$(TARGET_NAME)";
			};
			name = Debug;
		};
		0CBAE8871DF509C4006D3F01 /* Release */ = {
			isa = XCBuildConfiguration;
			baseConfigurationReference = 00087601BF2BDB87239D1A56 /* Pods-BaiSiBuDeJie.release.xcconfig */;
			buildSettings = {
				ASSETCATALOG_COMPILER_APPICON_NAME = AppIcon;
				DEVELOPMENT_TEAM = "";
				GCC_PREFIX_HEADER = "$(SRCROOT)/BaiSiBuDeJie/PrefixHeader.pch";
				INFOPLIST_FILE = BaiSiBuDeJie/Info.plist;
				IPHONEOS_DEPLOYMENT_TARGET = 8.3;
				LD_RUNPATH_SEARCH_PATHS = "$(inherited) @executable_path/Frameworks";
				PRODUCT_BUNDLE_IDENTIFIER = com.sinavotech.BaiSiBuDeJie;
				PRODUCT_NAME = "$(TARGET_NAME)";
			};
			name = Release;
		};
		0CBAE8891DF509C4006D3F01 /* Debug */ = {
			isa = XCBuildConfiguration;
			buildSettings = {
				BUNDLE_LOADER = "$(TEST_HOST)";
				INFOPLIST_FILE = BaiSiBuDeJieTests/Info.plist;
				LD_RUNPATH_SEARCH_PATHS = "$(inherited) @executable_path/Frameworks @loader_path/Frameworks";
				PRODUCT_BUNDLE_IDENTIFIER = com.sinavotech.BaiSiBuDeJieTests;
				PRODUCT_NAME = "$(TARGET_NAME)";
				TEST_HOST = "$(BUILT_PRODUCTS_DIR)/BaiSiBuDeJie.app/BaiSiBuDeJie";
			};
			name = Debug;
		};
		0CBAE88A1DF509C4006D3F01 /* Release */ = {
			isa = XCBuildConfiguration;
			buildSettings = {
				BUNDLE_LOADER = "$(TEST_HOST)";
				INFOPLIST_FILE = BaiSiBuDeJieTests/Info.plist;
				LD_RUNPATH_SEARCH_PATHS = "$(inherited) @executable_path/Frameworks @loader_path/Frameworks";
				PRODUCT_BUNDLE_IDENTIFIER = com.sinavotech.BaiSiBuDeJieTests;
				PRODUCT_NAME = "$(TARGET_NAME)";
				TEST_HOST = "$(BUILT_PRODUCTS_DIR)/BaiSiBuDeJie.app/BaiSiBuDeJie";
			};
			name = Release;
		};
		0CBAE88C1DF509C4006D3F01 /* Debug */ = {
			isa = XCBuildConfiguration;
			buildSettings = {
				INFOPLIST_FILE = BaiSiBuDeJieUITests/Info.plist;
				LD_RUNPATH_SEARCH_PATHS = "$(inherited) @executable_path/Frameworks @loader_path/Frameworks";
				PRODUCT_BUNDLE_IDENTIFIER = com.sinavotech.BaiSiBuDeJieUITests;
				PRODUCT_NAME = "$(TARGET_NAME)";
				TEST_TARGET_NAME = BaiSiBuDeJie;
			};
			name = Debug;
		};
		0CBAE88D1DF509C4006D3F01 /* Release */ = {
			isa = XCBuildConfiguration;
			buildSettings = {
				INFOPLIST_FILE = BaiSiBuDeJieUITests/Info.plist;
				LD_RUNPATH_SEARCH_PATHS = "$(inherited) @executable_path/Frameworks @loader_path/Frameworks";
				PRODUCT_BUNDLE_IDENTIFIER = com.sinavotech.BaiSiBuDeJieUITests;
				PRODUCT_NAME = "$(TARGET_NAME)";
				TEST_TARGET_NAME = BaiSiBuDeJie;
			};
			name = Release;
		};
/* End XCBuildConfiguration section */

/* Begin XCConfigurationList section */
		0CBAE8531DF509C4006D3F01 /* Build configuration list for PBXProject "BaiSiBuDeJie" */ = {
			isa = XCConfigurationList;
			buildConfigurations = (
				0CBAE8831DF509C4006D3F01 /* Debug */,
				0CBAE8841DF509C4006D3F01 /* Release */,
			);
			defaultConfigurationIsVisible = 0;
			defaultConfigurationName = Release;
		};
		0CBAE8851DF509C4006D3F01 /* Build configuration list for PBXNativeTarget "BaiSiBuDeJie" */ = {
			isa = XCConfigurationList;
			buildConfigurations = (
				0CBAE8861DF509C4006D3F01 /* Debug */,
				0CBAE8871DF509C4006D3F01 /* Release */,
			);
			defaultConfigurationIsVisible = 0;
			defaultConfigurationName = Release;
		};
		0CBAE8881DF509C4006D3F01 /* Build configuration list for PBXNativeTarget "BaiSiBuDeJieTests" */ = {
			isa = XCConfigurationList;
			buildConfigurations = (
				0CBAE8891DF509C4006D3F01 /* Debug */,
				0CBAE88A1DF509C4006D3F01 /* Release */,
			);
			defaultConfigurationIsVisible = 0;
			defaultConfigurationName = Release;
		};
		0CBAE88B1DF509C4006D3F01 /* Build configuration list for PBXNativeTarget "BaiSiBuDeJieUITests" */ = {
			isa = XCConfigurationList;
			buildConfigurations = (
				0CBAE88C1DF509C4006D3F01 /* Debug */,
				0CBAE88D1DF509C4006D3F01 /* Release */,
			);
			defaultConfigurationIsVisible = 0;
			defaultConfigurationName = Release;
		};
/* End XCConfigurationList section */
	};
	rootObject = 0CBAE8501DF509C4006D3F01 /* Project object */;
}
